
Microsoft Visual Studio Solution File, Format Version 12.00
# Visual Studio Version 17
VisualStudioVersion = 17.8.34511.84
MinimumVisualStudioVersion = 10.0.40219.1
Project("{FAE04EC0-301F-11D3-BF4B-00C04F79EFBC}") = "ConversaoTemperaturas", "ConversaoTemperaturas.csproj", "{7920BBDB-912F-4682-A6C3-45C85D791B1E}"
EndProject
Project("{FAE04EC0-301F-11D3-BF4B-00C04F79EFBC}") = "ConversaoTemperaturas.Test", "..\ConversaoTemperaturas.Test\ConversaoTemperaturas.Test.csproj", "{25B99623-A8C5-4371-96FC-B225AD9BA47B}"
EndProject
Global
	GlobalSection(SolutionConfigurationPlatforms) = preSolution
		Debug|Any CPU = Debug|Any CPU
		Release|Any CPU = Release|Any CPU
	EndGlobalSection
	GlobalSection(ProjectConfigurationPlatforms) = postSolution
		{7920BBDB-912F-4682-A6C3-45C85D791B1E}.Debug|Any CPU.ActiveCfg = Debug|Any CPU
		{7920BBDB-912F-4682-A6C3-45C85D791B1E}.Debug|Any CPU.Build.0 = Debug|Any CPU
		{7920BBDB-912F-4682-A6C3-45C85D791B1E}.Release|Any CPU.ActiveCfg = Release|Any CPU
		{7920BBDB-912F-4682-A6C3-45C85D791B1E}.Release|Any CPU.Build.0 = Release|Any CPU
		{25B99623-A8C5-4371-96FC-B225AD9BA47B}.Debug|Any CPU.ActiveCfg = Debug|Any CPU
		{25B99623-A8C5-4371-96FC-B225AD9BA47B}.Debug|Any CPU.Build.0 = Debug|Any CPU
		{25B99623-A8C5-4371-96FC-B225AD9BA47B}.Release|Any CPU.ActiveCfg = Release|Any CPU
		{25B99623-A8C5-4371-96FC-B225AD9BA47B}.Release|Any CPU.Build.0 = Release|Any CPU
	EndGlobalSection
	GlobalSection(SolutionProperties) = preSolution
		HideSolutionNode = FALSE
	EndGlobalSection
	GlobalSection(ExtensibilityGlobals) = postSolution
		SolutionGuid = {1C3858E2-E4CA-4FFA-A21D-B2E5B8CDE68D}
	EndGlobalSection
EndGlobal
