
Microsoft Visual Studio Solution File, Format Version 12.00
# Visual Studio Version 17
VisualStudioVersion = 17.8.34511.84
MinimumVisualStudioVersion = 10.0.40219.1
Project("{FAE04EC0-301F-11D3-BF4B-00C04F79EFBC}") = "sistema", "sistema.csproj", "{FE4AD1DD-8792-494B-A86C-8983D1C8F0CD}"
EndProject
Global
	GlobalSection(SolutionConfigurationPlatforms) = preSolution
		Debug|Any CPU = Debug|Any CPU
		Release|Any CPU = Release|Any CPU
	EndGlobalSection
	GlobalSection(ProjectConfigurationPlatforms) = postSolution
		{FE4AD1DD-8792-494B-A86C-8983D1C8F0CD}.Debug|Any CPU.ActiveCfg = Debug|Any CPU
		{FE4AD1DD-8792-494B-A86C-8983D1C8F0CD}.Debug|Any CPU.Build.0 = Debug|Any CPU
		{FE4AD1DD-8792-494B-A86C-8983D1C8F0CD}.Release|Any CPU.ActiveCfg = Release|Any CPU
		{FE4AD1DD-8792-494B-A86C-8983D1C8F0CD}.Release|Any CPU.Build.0 = Release|Any CPU
	EndGlobalSection
	GlobalSection(SolutionProperties) = preSolution
		HideSolutionNode = FALSE
	EndGlobalSection
	GlobalSection(ExtensibilityGlobals) = postSolution
		SolutionGuid = {3ACDEE4A-E9B3-4F34-8E41-F860236C831C}
	EndGlobalSection
EndGlobal
