
Microsoft Visual Studio Solution File, Format Version 12.00
# Visual Studio Version 17
VisualStudioVersion = 17.8.34511.84
MinimumVisualStudioVersion = 10.0.40219.1
Project("{FAE04EC0-301F-11D3-BF4B-00C04F79EFBC}") = "ProductsWebAPI", "ProductsWebAPI.csproj", "{DF8AF107-D4DF-4F0B-8B64-59826A206EE7}"
EndProject
Global
	GlobalSection(SolutionConfigurationPlatforms) = preSolution
		Debug|Any CPU = Debug|Any CPU
		Release|Any CPU = Release|Any CPU
	EndGlobalSection
	GlobalSection(ProjectConfigurationPlatforms) = postSolution
		{DF8AF107-D4DF-4F0B-8B64-59826A206EE7}.Debug|Any CPU.ActiveCfg = Debug|Any CPU
		{DF8AF107-D4DF-4F0B-8B64-59826A206EE7}.Debug|Any CPU.Build.0 = Debug|Any CPU
		{DF8AF107-D4DF-4F0B-8B64-59826A206EE7}.Release|Any CPU.ActiveCfg = Release|Any CPU
		{DF8AF107-D4DF-4F0B-8B64-59826A206EE7}.Release|Any CPU.Build.0 = Release|Any CPU
	EndGlobalSection
	GlobalSection(SolutionProperties) = preSolution
		HideSolutionNode = FALSE
	EndGlobalSection
	GlobalSection(ExtensibilityGlobals) = postSolution
		SolutionGuid = {8B8239FD-1C0E-447C-99CE-5A1FD9B63C69}
	EndGlobalSection
EndGlobal
