
Microsoft Visual Studio Solution File, Format Version 12.00
# Visual Studio Version 17
VisualStudioVersion = 17.8.34511.84
MinimumVisualStudioVersion = 10.0.40219.1
Project("{FAE04EC0-301F-11D3-BF4B-00C04F79EFBC}") = "Calculos", "Calculos.csproj", "{874EAD3D-FE3F-467E-9073-D45FCBF4EE14}"
EndProject
Project("{FAE04EC0-301F-11D3-BF4B-00C04F79EFBC}") = "Calculos.Test", "..\Calculos.Test\Calculos.Test.csproj", "{3FCFE1F1-6900-448D-B2CA-4D1801CC4BFF}"
EndProject
Global
	GlobalSection(SolutionConfigurationPlatforms) = preSolution
		Debug|Any CPU = Debug|Any CPU
		Release|Any CPU = Release|Any CPU
	EndGlobalSection
	GlobalSection(ProjectConfigurationPlatforms) = postSolution
		{874EAD3D-FE3F-467E-9073-D45FCBF4EE14}.Debug|Any CPU.ActiveCfg = Debug|Any CPU
		{874EAD3D-FE3F-467E-9073-D45FCBF4EE14}.Debug|Any CPU.Build.0 = Debug|Any CPU
		{874EAD3D-FE3F-467E-9073-D45FCBF4EE14}.Release|Any CPU.ActiveCfg = Release|Any CPU
		{874EAD3D-FE3F-467E-9073-D45FCBF4EE14}.Release|Any CPU.Build.0 = Release|Any CPU
		{3FCFE1F1-6900-448D-B2CA-4D1801CC4BFF}.Debug|Any CPU.ActiveCfg = Debug|Any CPU
		{3FCFE1F1-6900-448D-B2CA-4D1801CC4BFF}.Debug|Any CPU.Build.0 = Debug|Any CPU
		{3FCFE1F1-6900-448D-B2CA-4D1801CC4BFF}.Release|Any CPU.ActiveCfg = Release|Any CPU
		{3FCFE1F1-6900-448D-B2CA-4D1801CC4BFF}.Release|Any CPU.Build.0 = Release|Any CPU
	EndGlobalSection
	GlobalSection(SolutionProperties) = preSolution
		HideSolutionNode = FALSE
	EndGlobalSection
	GlobalSection(ExtensibilityGlobals) = postSolution
		SolutionGuid = {CF4D6B00-D01D-40F8-AC6B-1934CB7C20DE}
	EndGlobalSection
EndGlobal
