
Microsoft Visual Studio Solution File, Format Version 12.00
# Visual Studio Version 17
VisualStudioVersion = 17.4.33103.184
MinimumVisualStudioVersion = 10.0.40219.1
Project("{FAE04EC0-301F-11D3-BF4B-00C04F79EFBC}") = "webapi.event+", "webapi.event+.csproj", "{133C7C3D-6CB7-4993-A9CB-5C2E0724A39C}"
EndProject
Global
	GlobalSection(SolutionConfigurationPlatforms) = preSolution
		Debug|Any CPU = Debug|Any CPU
		Release|Any CPU = Release|Any CPU
	EndGlobalSection
	GlobalSection(ProjectConfigurationPlatforms) = postSolution
		{133C7C3D-6CB7-4993-A9CB-5C2E0724A39C}.Debug|Any CPU.ActiveCfg = Debug|Any CPU
		{133C7C3D-6CB7-4993-A9CB-5C2E0724A39C}.Debug|Any CPU.Build.0 = Debug|Any CPU
		{133C7C3D-6CB7-4993-A9CB-5C2E0724A39C}.Release|Any CPU.ActiveCfg = Release|Any CPU
		{133C7C3D-6CB7-4993-A9CB-5C2E0724A39C}.Release|Any CPU.Build.0 = Release|Any CPU
	EndGlobalSection
	GlobalSection(SolutionProperties) = preSolution
		HideSolutionNode = FALSE
	EndGlobalSection
	GlobalSection(ExtensibilityGlobals) = postSolution
		SolutionGuid = {EC61842A-F8A7-4DCC-B933-E9F99BF4D030}
	EndGlobalSection
EndGlobal
