
Microsoft Visual Studio Solution File, Format Version 12.00
# Visual Studio Version 17
VisualStudioVersion = 17.8.34511.84
MinimumVisualStudioVersion = 10.0.40219.1
Project("{FAE04EC0-301F-11D3-BF4B-00C04F79EFBC}") = "ControleDeInventario", "ControleDeInventario.csproj", "{5CA46F6E-DCAB-415A-B5D8-4026E54B577D}"
EndProject
Project("{FAE04EC0-301F-11D3-BF4B-00C04F79EFBC}") = "ControleDeInventario.Test", "..\ControleDeInventario.Test\ControleDeInventario.Test.csproj", "{811C3B61-BDC5-4E8D-B734-67F22A2E5152}"
EndProject
Global
	GlobalSection(SolutionConfigurationPlatforms) = preSolution
		Debug|Any CPU = Debug|Any CPU
		Release|Any CPU = Release|Any CPU
	EndGlobalSection
	GlobalSection(ProjectConfigurationPlatforms) = postSolution
		{5CA46F6E-DCAB-415A-B5D8-4026E54B577D}.Debug|Any CPU.ActiveCfg = Debug|Any CPU
		{5CA46F6E-DCAB-415A-B5D8-4026E54B577D}.Debug|Any CPU.Build.0 = Debug|Any CPU
		{5CA46F6E-DCAB-415A-B5D8-4026E54B577D}.Release|Any CPU.ActiveCfg = Release|Any CPU
		{5CA46F6E-DCAB-415A-B5D8-4026E54B577D}.Release|Any CPU.Build.0 = Release|Any CPU
		{811C3B61-BDC5-4E8D-B734-67F22A2E5152}.Debug|Any CPU.ActiveCfg = Debug|Any CPU
		{811C3B61-BDC5-4E8D-B734-67F22A2E5152}.Debug|Any CPU.Build.0 = Debug|Any CPU
		{811C3B61-BDC5-4E8D-B734-67F22A2E5152}.Release|Any CPU.ActiveCfg = Release|Any CPU
		{811C3B61-BDC5-4E8D-B734-67F22A2E5152}.Release|Any CPU.Build.0 = Release|Any CPU
	EndGlobalSection
	GlobalSection(SolutionProperties) = preSolution
		HideSolutionNode = FALSE
	EndGlobalSection
	GlobalSection(ExtensibilityGlobals) = postSolution
		SolutionGuid = {68E07ECD-2F16-4F7D-8E40-C1FD3CA7934A}
	EndGlobalSection
EndGlobal
